
Microsoft Visual Studio Solution File, Format Version 12.00
# Visual Studio Version 18
VisualStudioVersion = 18.2.11408.102
MinimumVisualStudioVersion = 10.0.40219.1
Project("{2150E333-8FDC-42A3-9474-1A3956D46DE8}") = "src", "src", "{827E0CD3-B72D-47B6-A68D-7590B98EB39B}"
EndProject
Project("{FAE04EC0-301F-11D3-BF4B-00C04F79EFBC}") = "Survey.Domain", "src\Survey.Domain\Survey.Domain.csproj", "{0A3DDDF5-7C34-493F-858A-C32637DDAF62}"
EndProject
Project("{FAE04EC0-301F-11D3-BF4B-00C04F79EFBC}") = "Survey.Application", "src\Survey.Application\Survey.Application.csproj", "{AEA3FE73-6D9C-4AE3-9F78-2D0F22B11E68}"
EndProject
Project("{FAE04EC0-301F-11D3-BF4B-00C04F79EFBC}") = "Survey.Infrastructure", "src\Survey.Infrastructure\Survey.Infrastructure.csproj", "{CDACBE35-7A20-43C6-B3FD-0B5D948478D7}"
EndProject
Project("{FAE04EC0-301F-11D3-BF4B-00C04F79EFBC}") = "Survey.ServiceDefaults", "src\Survey.ServiceDefaults\Survey.ServiceDefaults.csproj", "{50E6D56C-908A-42E1-9861-16872402BDB1}"
EndProject
Project("{FAE04EC0-301F-11D3-BF4B-00C04F79EFBC}") = "Survey.Migrations.SqlServer", "src\Survey.Migrations.SqlServer\Survey.Migrations.SqlServer.csproj", "{3FBD4231-B223-461E-B3DD-FAEB3C815924}"
EndProject
Project("{FAE04EC0-301F-11D3-BF4B-00C04F79EFBC}") = "Survey.Migrations.Sqlite", "src\Survey.Migrations.Sqlite\Survey.Migrations.Sqlite.csproj", "{9A749316-9FF0-4FFC-BF34-93E437F130CF}"
EndProject
Project("{FAE04EC0-301F-11D3-BF4B-00C04F79EFBC}") = "Survey.AppHost", "src\Survey.AppHost\Survey.AppHost.csproj", "{BDDE90C8-600F-4D35-B4AD-21E5E04AF231}"
EndProject
Project("{FAE04EC0-301F-11D3-BF4B-00C04F79EFBC}") = "Survey.Web", "src\Survey.Web\Survey.Web.csproj", "{180ED877-814D-4AFC-A4E8-508453B53CDF}"
EndProject
Project("{2150E333-8FDC-42A3-9474-1A3956D46DE8}") = "tests", "tests", "{0AB3BF05-4346-4AA6-1389-037BE0695223}"
EndProject
Project("{FAE04EC0-301F-11D3-BF4B-00C04F79EFBC}") = "Survey.Domain.Tests", "tests\Survey.Domain.Tests\Survey.Domain.Tests.csproj", "{F3FE8151-B119-4384-BE18-1C40E072F328}"
EndProject
Project("{FAE04EC0-301F-11D3-BF4B-00C04F79EFBC}") = "Survey.Application.Tests", "tests\Survey.Application.Tests\Survey.Application.Tests.csproj", "{62CC0308-967B-4CCC-889B-C11A7CF3B88C}"
EndProject
Project("{FAE04EC0-301F-11D3-BF4B-00C04F79EFBC}") = "Survey.Infrastructure.Tests", "tests\Survey.Infrastructure.Tests\Survey.Infrastructure.Tests.csproj", "{69725260-B4F6-467F-A3B3-0A4F21E26CEF}"
EndProject
Project("{FAE04EC0-301F-11D3-BF4B-00C04F79EFBC}") = "Survey.Web.Tests", "tests\Survey.Web.Tests\Survey.Web.Tests.csproj", "{0E976956-384B-4FBE-BB9D-B924D90AB617}"
EndProject
Project("{2150E333-8FDC-42A3-9474-1A3956D46DE8}") = "Solution Items", "Solution Items", "{098BB36B-C694-4C14-BD07-6AAF14FD67E7}"
	ProjectSection(SolutionItems) = preProject
		.gitignore = .gitignore
		docs\architecture-plan.md = docs\architecture-plan.md
		Directory.Build.props = Directory.Build.props
		Directory.Packages.props = Directory.Packages.props
		global.json = global.json
		nuget.config = nuget.config
	EndProjectSection
EndProject
Project("{FAE04EC0-301F-11D3-BF4B-00C04F79EFBC}") = "Survey.Migrations.Postgres", "src\Survey.Migrations.Postgres\Survey.Migrations.Postgres.csproj", "{626F19A1-7A4B-4BF5-8A80-924148549F08}"
EndProject
Project("{FAE04EC0-301F-11D3-BF4B-00C04F79EFBC}") = "Survey.Migrations.MySql", "src\Survey.Migrations.MySql\Survey.Migrations.MySql.csproj", "{B03A8B7B-4821-4DF5-81BB-62A2C4DDBF1A}"
EndProject
Global
	GlobalSection(SolutionConfigurationPlatforms) = preSolution
		Debug|Any CPU = Debug|Any CPU
		Debug|x64 = Debug|x64
		Debug|x86 = Debug|x86
		Release|Any CPU = Release|Any CPU
		Release|x64 = Release|x64
		Release|x86 = Release|x86
	EndGlobalSection
	GlobalSection(ProjectConfigurationPlatforms) = postSolution
		{0A3DDDF5-7C34-493F-858A-C32637DDAF62}.Debug|Any CPU.ActiveCfg = Debug|Any CPU
		{0A3DDDF5-7C34-493F-858A-C32637DDAF62}.Debug|Any CPU.Build.0 = Debug|Any CPU
		{0A3DDDF5-7C34-493F-858A-C32637DDAF62}.Debug|x64.ActiveCfg = Debug|Any CPU
		{0A3DDDF5-7C34-493F-858A-C32637DDAF62}.Debug|x64.Build.0 = Debug|Any CPU
		{0A3DDDF5-7C34-493F-858A-C32637DDAF62}.Debug|x86.ActiveCfg = Debug|Any CPU
		{0A3DDDF5-7C34-493F-858A-C32637DDAF62}.Debug|x86.Build.0 = Debug|Any CPU
		{0A3DDDF5-7C34-493F-858A-C32637DDAF62}.Release|Any CPU.ActiveCfg = Release|Any CPU
		{0A3DDDF5-7C34-493F-858A-C32637DDAF62}.Release|Any CPU.Build.0 = Release|Any CPU
		{0A3DDDF5-7C34-493F-858A-C32637DDAF62}.Release|x64.ActiveCfg = Release|Any CPU
		{0A3DDDF5-7C34-493F-858A-C32637DDAF62}.Release|x64.Build.0 = Release|Any CPU
		{0A3DDDF5-7C34-493F-858A-C32637DDAF62}.Release|x86.ActiveCfg = Release|Any CPU
		{0A3DDDF5-7C34-493F-858A-C32637DDAF62}.Release|x86.Build.0 = Release|Any CPU
		{AEA3FE73-6D9C-4AE3-9F78-2D0F22B11E68}.Debug|Any CPU.ActiveCfg = Debug|Any CPU
		{AEA3FE73-6D9C-4AE3-9F78-2D0F22B11E68}.Debug|Any CPU.Build.0 = Debug|Any CPU
		{AEA3FE73-6D9C-4AE3-9F78-2D0F22B11E68}.Debug|x64.ActiveCfg = Debug|Any CPU
		{AEA3FE73-6D9C-4AE3-9F78-2D0F22B11E68}.Debug|x64.Build.0 = Debug|Any CPU
		{AEA3FE73-6D9C-4AE3-9F78-2D0F22B11E68}.Debug|x86.ActiveCfg = Debug|Any CPU
		{AEA3FE73-6D9C-4AE3-9F78-2D0F22B11E68}.Debug|x86.Build.0 = Debug|Any CPU
		{AEA3FE73-6D9C-4AE3-9F78-2D0F22B11E68}.Release|Any CPU.ActiveCfg = Release|Any CPU
		{AEA3FE73-6D9C-4AE3-9F78-2D0F22B11E68}.Release|Any CPU.Build.0 = Release|Any CPU
		{AEA3FE73-6D9C-4AE3-9F78-2D0F22B11E68}.Release|x64.ActiveCfg = Release|Any CPU
		{AEA3FE73-6D9C-4AE3-9F78-2D0F22B11E68}.Release|x64.Build.0 = Release|Any CPU
		{AEA3FE73-6D9C-4AE3-9F78-2D0F22B11E68}.Release|x86.ActiveCfg = Release|Any CPU
		{AEA3FE73-6D9C-4AE3-9F78-2D0F22B11E68}.Release|x86.Build.0 = Release|Any CPU
		{CDACBE35-7A20-43C6-B3FD-0B5D948478D7}.Debug|Any CPU.ActiveCfg = Debug|Any CPU
		{CDACBE35-7A20-43C6-B3FD-0B5D948478D7}.Debug|Any CPU.Build.0 = Debug|Any CPU
		{CDACBE35-7A20-43C6-B3FD-0B5D948478D7}.Debug|x64.ActiveCfg = Debug|Any CPU
		{CDACBE35-7A20-43C6-B3FD-0B5D948478D7}.Debug|x64.Build.0 = Debug|Any CPU
		{CDACBE35-7A20-43C6-B3FD-0B5D948478D7}.Debug|x86.ActiveCfg = Debug|Any CPU
		{CDACBE35-7A20-43C6-B3FD-0B5D948478D7}.Debug|x86.Build.0 = Debug|Any CPU
		{CDACBE35-7A20-43C6-B3FD-0B5D948478D7}.Release|Any CPU.ActiveCfg = Release|Any CPU
		{CDACBE35-7A20-43C6-B3FD-0B5D948478D7}.Release|Any CPU.Build.0 = Release|Any CPU
		{CDACBE35-7A20-43C6-B3FD-0B5D948478D7}.Release|x64.ActiveCfg = Release|Any CPU
		{CDACBE35-7A20-43C6-B3FD-0B5D948478D7}.Release|x64.Build.0 = Release|Any CPU
		{CDACBE35-7A20-43C6-B3FD-0B5D948478D7}.Release|x86.ActiveCfg = Release|Any CPU
		{CDACBE35-7A20-43C6-B3FD-0B5D948478D7}.Release|x86.Build.0 = Release|Any CPU
		{50E6D56C-908A-42E1-9861-16872402BDB1}.Debug|Any CPU.ActiveCfg = Debug|Any CPU
		{50E6D56C-908A-42E1-9861-16872402BDB1}.Debug|Any CPU.Build.0 = Debug|Any CPU
		{50E6D56C-908A-42E1-9861-16872402BDB1}.Debug|x64.ActiveCfg = Debug|Any CPU
		{50E6D56C-908A-42E1-9861-16872402BDB1}.Debug|x64.Build.0 = Debug|Any CPU
		{50E6D56C-908A-42E1-9861-16872402BDB1}.Debug|x86.ActiveCfg = Debug|Any CPU
		{50E6D56C-908A-42E1-9861-16872402BDB1}.Debug|x86.Build.0 = Debug|Any CPU
		{50E6D56C-908A-42E1-9861-16872402BDB1}.Release|Any CPU.ActiveCfg = Release|Any CPU
		{50E6D56C-908A-42E1-9861-16872402BDB1}.Release|Any CPU.Build.0 = Release|Any CPU
		{50E6D56C-908A-42E1-9861-16872402BDB1}.Release|x64.ActiveCfg = Release|Any CPU
		{50E6D56C-908A-42E1-9861-16872402BDB1}.Release|x64.Build.0 = Release|Any CPU
		{50E6D56C-908A-42E1-9861-16872402BDB1}.Release|x86.ActiveCfg = Release|Any CPU
		{50E6D56C-908A-42E1-9861-16872402BDB1}.Release|x86.Build.0 = Release|Any CPU
		{3FBD4231-B223-461E-B3DD-FAEB3C815924}.Debug|Any CPU.ActiveCfg = Debug|Any CPU
		{3FBD4231-B223-461E-B3DD-FAEB3C815924}.Debug|Any CPU.Build.0 = Debug|Any CPU
		{3FBD4231-B223-461E-B3DD-FAEB3C815924}.Debug|x64.ActiveCfg = Debug|Any CPU
		{3FBD4231-B223-461E-B3DD-FAEB3C815924}.Debug|x64.Build.0 = Debug|Any CPU
		{3FBD4231-B223-461E-B3DD-FAEB3C815924}.Debug|x86.ActiveCfg = Debug|Any CPU
		{3FBD4231-B223-461E-B3DD-FAEB3C815924}.Debug|x86.Build.0 = Debug|Any CPU
		{3FBD4231-B223-461E-B3DD-FAEB3C815924}.Release|Any CPU.ActiveCfg = Release|Any CPU
		{3FBD4231-B223-461E-B3DD-FAEB3C815924}.Release|Any CPU.Build.0 = Release|Any CPU
		{3FBD4231-B223-461E-B3DD-FAEB3C815924}.Release|x64.ActiveCfg = Release|Any CPU
		{3FBD4231-B223-461E-B3DD-FAEB3C815924}.Release|x64.Build.0 = Release|Any CPU
		{3FBD4231-B223-461E-B3DD-FAEB3C815924}.Release|x86.ActiveCfg = Release|Any CPU
		{3FBD4231-B223-461E-B3DD-FAEB3C815924}.Release|x86.Build.0 = Release|Any CPU
		{9A749316-9FF0-4FFC-BF34-93E437F130CF}.Debug|Any CPU.ActiveCfg = Debug|Any CPU
		{9A749316-9FF0-4FFC-BF34-93E437F130CF}.Debug|Any CPU.Build.0 = Debug|Any CPU
		{9A749316-9FF0-4FFC-BF34-93E437F130CF}.Debug|x64.ActiveCfg = Debug|Any CPU
		{9A749316-9FF0-4FFC-BF34-93E437F130CF}.Debug|x64.Build.0 = Debug|Any CPU
		{9A749316-9FF0-4FFC-BF34-93E437F130CF}.Debug|x86.ActiveCfg = Debug|Any CPU
		{9A749316-9FF0-4FFC-BF34-93E437F130CF}.Debug|x86.Build.0 = Debug|Any CPU
		{9A749316-9FF0-4FFC-BF34-93E437F130CF}.Release|Any CPU.ActiveCfg = Release|Any CPU
		{9A749316-9FF0-4FFC-BF34-93E437F130CF}.Release|Any CPU.Build.0 = Release|Any CPU
		{9A749316-9FF0-4FFC-BF34-93E437F130CF}.Release|x64.ActiveCfg = Release|Any CPU
		{9A749316-9FF0-4FFC-BF34-93E437F130CF}.Release|x64.Build.0 = Release|Any CPU
		{9A749316-9FF0-4FFC-BF34-93E437F130CF}.Release|x86.ActiveCfg = Release|Any CPU
		{9A749316-9FF0-4FFC-BF34-93E437F130CF}.Release|x86.Build.0 = Release|Any CPU
		{BDDE90C8-600F-4D35-B4AD-21E5E04AF231}.Debug|Any CPU.ActiveCfg = Debug|Any CPU
		{BDDE90C8-600F-4D35-B4AD-21E5E04AF231}.Debug|Any CPU.Build.0 = Debug|Any CPU
		{BDDE90C8-600F-4D35-B4AD-21E5E04AF231}.Debug|x64.ActiveCfg = Debug|Any CPU
		{BDDE90C8-600F-4D35-B4AD-21E5E04AF231}.Debug|x64.Build.0 = Debug|Any CPU
		{BDDE90C8-600F-4D35-B4AD-21E5E04AF231}.Debug|x86.ActiveCfg = Debug|Any CPU
		{BDDE90C8-600F-4D35-B4AD-21E5E04AF231}.Debug|x86.Build.0 = Debug|Any CPU
		{BDDE90C8-600F-4D35-B4AD-21E5E04AF231}.Release|Any CPU.ActiveCfg = Release|Any CPU
		{BDDE90C8-600F-4D35-B4AD-21E5E04AF231}.Release|Any CPU.Build.0 = Release|Any CPU
		{BDDE90C8-600F-4D35-B4AD-21E5E04AF231}.Release|x64.ActiveCfg = Release|Any CPU
		{BDDE90C8-600F-4D35-B4AD-21E5E04AF231}.Release|x64.Build.0 = Release|Any CPU
		{BDDE90C8-600F-4D35-B4AD-21E5E04AF231}.Release|x86.ActiveCfg = Release|Any CPU
		{BDDE90C8-600F-4D35-B4AD-21E5E04AF231}.Release|x86.Build.0 = Release|Any CPU
		{180ED877-814D-4AFC-A4E8-508453B53CDF}.Debug|Any CPU.ActiveCfg = Debug|Any CPU
		{180ED877-814D-4AFC-A4E8-508453B53CDF}.Debug|Any CPU.Build.0 = Debug|Any CPU
		{180ED877-814D-4AFC-A4E8-508453B53CDF}.Debug|x64.ActiveCfg = Debug|Any CPU
		{180ED877-814D-4AFC-A4E8-508453B53CDF}.Debug|x64.Build.0 = Debug|Any CPU
		{180ED877-814D-4AFC-A4E8-508453B53CDF}.Debug|x86.ActiveCfg = Debug|Any CPU
		{180ED877-814D-4AFC-A4E8-508453B53CDF}.Debug|x86.Build.0 = Debug|Any CPU
		{180ED877-814D-4AFC-A4E8-508453B53CDF}.Release|Any CPU.ActiveCfg = Release|Any CPU
		{180ED877-814D-4AFC-A4E8-508453B53CDF}.Release|Any CPU.Build.0 = Release|Any CPU
		{180ED877-814D-4AFC-A4E8-508453B53CDF}.Release|x64.ActiveCfg = Release|Any CPU
		{180ED877-814D-4AFC-A4E8-508453B53CDF}.Release|x64.Build.0 = Release|Any CPU
		{180ED877-814D-4AFC-A4E8-508453B53CDF}.Release|x86.ActiveCfg = Release|Any CPU
		{180ED877-814D-4AFC-A4E8-508453B53CDF}.Release|x86.Build.0 = Release|Any CPU
		{F3FE8151-B119-4384-BE18-1C40E072F328}.Debug|Any CPU.ActiveCfg = Debug|Any CPU
		{F3FE8151-B119-4384-BE18-1C40E072F328}.Debug|Any CPU.Build.0 = Debug|Any CPU
		{F3FE8151-B119-4384-BE18-1C40E072F328}.Debug|x64.ActiveCfg = Debug|Any CPU
		{F3FE8151-B119-4384-BE18-1C40E072F328}.Debug|x64.Build.0 = Debug|Any CPU
		{F3FE8151-B119-4384-BE18-1C40E072F328}.Debug|x86.ActiveCfg = Debug|Any CPU
		{F3FE8151-B119-4384-BE18-1C40E072F328}.Debug|x86.Build.0 = Debug|Any CPU
		{F3FE8151-B119-4384-BE18-1C40E072F328}.Release|Any CPU.ActiveCfg = Release|Any CPU
		{F3FE8151-B119-4384-BE18-1C40E072F328}.Release|Any CPU.Build.0 = Release|Any CPU
		{F3FE8151-B119-4384-BE18-1C40E072F328}.Release|x64.ActiveCfg = Release|Any CPU
		{F3FE8151-B119-4384-BE18-1C40E072F328}.Release|x64.Build.0 = Release|Any CPU
		{F3FE8151-B119-4384-BE18-1C40E072F328}.Release|x86.ActiveCfg = Release|Any CPU
		{F3FE8151-B119-4384-BE18-1C40E072F328}.Release|x86.Build.0 = Release|Any CPU
		{62CC0308-967B-4CCC-889B-C11A7CF3B88C}.Debug|Any CPU.ActiveCfg = Debug|Any CPU
		{62CC0308-967B-4CCC-889B-C11A7CF3B88C}.Debug|Any CPU.Build.0 = Debug|Any CPU
		{62CC0308-967B-4CCC-889B-C11A7CF3B88C}.Debug|x64.ActiveCfg = Debug|Any CPU
		{62CC0308-967B-4CCC-889B-C11A7CF3B88C}.Debug|x64.Build.0 = Debug|Any CPU
		{62CC0308-967B-4CCC-889B-C11A7CF3B88C}.Debug|x86.ActiveCfg = Debug|Any CPU
		{62CC0308-967B-4CCC-889B-C11A7CF3B88C}.Debug|x86.Build.0 = Debug|Any CPU
		{62CC0308-967B-4CCC-889B-C11A7CF3B88C}.Release|Any CPU.ActiveCfg = Release|Any CPU
		{62CC0308-967B-4CCC-889B-C11A7CF3B88C}.Release|Any CPU.Build.0 = Release|Any CPU
		{62CC0308-967B-4CCC-889B-C11A7CF3B88C}.Release|x64.ActiveCfg = Release|Any CPU
		{62CC0308-967B-4CCC-889B-C11A7CF3B88C}.Release|x64.Build.0 = Release|Any CPU
		{62CC0308-967B-4CCC-889B-C11A7CF3B88C}.Release|x86.ActiveCfg = Release|Any CPU
		{62CC0308-967B-4CCC-889B-C11A7CF3B88C}.Release|x86.Build.0 = Release|Any CPU
		{69725260-B4F6-467F-A3B3-0A4F21E26CEF}.Debug|Any CPU.ActiveCfg = Debug|Any CPU
		{69725260-B4F6-467F-A3B3-0A4F21E26CEF}.Debug|Any CPU.Build.0 = Debug|Any CPU
		{69725260-B4F6-467F-A3B3-0A4F21E26CEF}.Debug|x64.ActiveCfg = Debug|Any CPU
		{69725260-B4F6-467F-A3B3-0A4F21E26CEF}.Debug|x64.Build.0 = Debug|Any CPU
		{69725260-B4F6-467F-A3B3-0A4F21E26CEF}.Debug|x86.ActiveCfg = Debug|Any CPU
		{69725260-B4F6-467F-A3B3-0A4F21E26CEF}.Debug|x86.Build.0 = Debug|Any CPU
		{69725260-B4F6-467F-A3B3-0A4F21E26CEF}.Release|Any CPU.ActiveCfg = Release|Any CPU
		{69725260-B4F6-467F-A3B3-0A4F21E26CEF}.Release|Any CPU.Build.0 = Release|Any CPU
		{69725260-B4F6-467F-A3B3-0A4F21E26CEF}.Release|x64.ActiveCfg = Release|Any CPU
		{69725260-B4F6-467F-A3B3-0A4F21E26CEF}.Release|x64.Build.0 = Release|Any CPU
		{69725260-B4F6-467F-A3B3-0A4F21E26CEF}.Release|x86.ActiveCfg = Release|Any CPU
		{69725260-B4F6-467F-A3B3-0A4F21E26CEF}.Release|x86.Build.0 = Release|Any CPU
		{0E976956-384B-4FBE-BB9D-B924D90AB617}.Debug|Any CPU.ActiveCfg = Debug|Any CPU
		{0E976956-384B-4FBE-BB9D-B924D90AB617}.Debug|Any CPU.Build.0 = Debug|Any CPU
		{0E976956-384B-4FBE-BB9D-B924D90AB617}.Debug|x64.ActiveCfg = Debug|Any CPU
		{0E976956-384B-4FBE-BB9D-B924D90AB617}.Debug|x64.Build.0 = Debug|Any CPU
		{0E976956-384B-4FBE-BB9D-B924D90AB617}.Debug|x86.ActiveCfg = Debug|Any CPU
		{0E976956-384B-4FBE-BB9D-B924D90AB617}.Debug|x86.Build.0 = Debug|Any CPU
		{0E976956-384B-4FBE-BB9D-B924D90AB617}.Release|Any CPU.ActiveCfg = Release|Any CPU
		{0E976956-384B-4FBE-BB9D-B924D90AB617}.Release|Any CPU.Build.0 = Release|Any CPU
		{0E976956-384B-4FBE-BB9D-B924D90AB617}.Release|x64.ActiveCfg = Release|Any CPU
		{0E976956-384B-4FBE-BB9D-B924D90AB617}.Release|x64.Build.0 = Release|Any CPU
		{0E976956-384B-4FBE-BB9D-B924D90AB617}.Release|x86.ActiveCfg = Release|Any CPU
		{0E976956-384B-4FBE-BB9D-B924D90AB617}.Release|x86.Build.0 = Release|Any CPU
		{626F19A1-7A4B-4BF5-8A80-924148549F08}.Debug|Any CPU.ActiveCfg = Debug|Any CPU
		{626F19A1-7A4B-4BF5-8A80-924148549F08}.Debug|Any CPU.Build.0 = Debug|Any CPU
		{626F19A1-7A4B-4BF5-8A80-924148549F08}.Debug|x64.ActiveCfg = Debug|Any CPU
		{626F19A1-7A4B-4BF5-8A80-924148549F08}.Debug|x64.Build.0 = Debug|Any CPU
		{626F19A1-7A4B-4BF5-8A80-924148549F08}.Debug|x86.ActiveCfg = Debug|Any CPU
		{626F19A1-7A4B-4BF5-8A80-924148549F08}.Debug|x86.Build.0 = Debug|Any CPU
		{626F19A1-7A4B-4BF5-8A80-924148549F08}.Release|Any CPU.ActiveCfg = Release|Any CPU
		{626F19A1-7A4B-4BF5-8A80-924148549F08}.Release|Any CPU.Build.0 = Release|Any CPU
		{626F19A1-7A4B-4BF5-8A80-924148549F08}.Release|x64.ActiveCfg = Release|Any CPU
		{626F19A1-7A4B-4BF5-8A80-924148549F08}.Release|x64.Build.0 = Release|Any CPU
		{626F19A1-7A4B-4BF5-8A80-924148549F08}.Release|x86.ActiveCfg = Release|Any CPU
		{626F19A1-7A4B-4BF5-8A80-924148549F08}.Release|x86.Build.0 = Release|Any CPU
		{B03A8B7B-4821-4DF5-81BB-62A2C4DDBF1A}.Debug|Any CPU.ActiveCfg = Debug|Any CPU
		{B03A8B7B-4821-4DF5-81BB-62A2C4DDBF1A}.Debug|Any CPU.Build.0 = Debug|Any CPU
		{B03A8B7B-4821-4DF5-81BB-62A2C4DDBF1A}.Debug|x64.ActiveCfg = Debug|Any CPU
		{B03A8B7B-4821-4DF5-81BB-62A2C4DDBF1A}.Debug|x64.Build.0 = Debug|Any CPU
		{B03A8B7B-4821-4DF5-81BB-62A2C4DDBF1A}.Debug|x86.ActiveCfg = Debug|Any CPU
		{B03A8B7B-4821-4DF5-81BB-62A2C4DDBF1A}.Debug|x86.Build.0 = Debug|Any CPU
		{B03A8B7B-4821-4DF5-81BB-62A2C4DDBF1A}.Release|Any CPU.ActiveCfg = Release|Any CPU
		{B03A8B7B-4821-4DF5-81BB-62A2C4DDBF1A}.Release|Any CPU.Build.0 = Release|Any CPU
		{B03A8B7B-4821-4DF5-81BB-62A2C4DDBF1A}.Release|x64.ActiveCfg = Release|Any CPU
		{B03A8B7B-4821-4DF5-81BB-62A2C4DDBF1A}.Release|x64.Build.0 = Release|Any CPU
		{B03A8B7B-4821-4DF5-81BB-62A2C4DDBF1A}.Release|x86.ActiveCfg = Release|Any CPU
		{B03A8B7B-4821-4DF5-81BB-62A2C4DDBF1A}.Release|x86.Build.0 = Release|Any CPU
	EndGlobalSection
	GlobalSection(SolutionProperties) = preSolution
		HideSolutionNode = FALSE
	EndGlobalSection
	GlobalSection(NestedProjects) = preSolution
		{0A3DDDF5-7C34-493F-858A-C32637DDAF62} = {827E0CD3-B72D-47B6-A68D-7590B98EB39B}
		{AEA3FE73-6D9C-4AE3-9F78-2D0F22B11E68} = {827E0CD3-B72D-47B6-A68D-7590B98EB39B}
		{CDACBE35-7A20-43C6-B3FD-0B5D948478D7} = {827E0CD3-B72D-47B6-A68D-7590B98EB39B}
		{50E6D56C-908A-42E1-9861-16872402BDB1} = {827E0CD3-B72D-47B6-A68D-7590B98EB39B}
		{3FBD4231-B223-461E-B3DD-FAEB3C815924} = {827E0CD3-B72D-47B6-A68D-7590B98EB39B}
		{9A749316-9FF0-4FFC-BF34-93E437F130CF} = {827E0CD3-B72D-47B6-A68D-7590B98EB39B}
		{BDDE90C8-600F-4D35-B4AD-21E5E04AF231} = {827E0CD3-B72D-47B6-A68D-7590B98EB39B}
		{180ED877-814D-4AFC-A4E8-508453B53CDF} = {827E0CD3-B72D-47B6-A68D-7590B98EB39B}
		{F3FE8151-B119-4384-BE18-1C40E072F328} = {0AB3BF05-4346-4AA6-1389-037BE0695223}
		{62CC0308-967B-4CCC-889B-C11A7CF3B88C} = {0AB3BF05-4346-4AA6-1389-037BE0695223}
		{69725260-B4F6-467F-A3B3-0A4F21E26CEF} = {0AB3BF05-4346-4AA6-1389-037BE0695223}
		{0E976956-384B-4FBE-BB9D-B924D90AB617} = {0AB3BF05-4346-4AA6-1389-037BE0695223}
		{626F19A1-7A4B-4BF5-8A80-924148549F08} = {827E0CD3-B72D-47B6-A68D-7590B98EB39B}
		{B03A8B7B-4821-4DF5-81BB-62A2C4DDBF1A} = {827E0CD3-B72D-47B6-A68D-7590B98EB39B}
	EndGlobalSection
	GlobalSection(ExtensibilityGlobals) = postSolution
		SolutionGuid = {64083923-FB9E-44E2-8A85-CD46DC0B322D}
	EndGlobalSection
EndGlobal
